# This file is automatically @generated by Poetry 1.4.0 and should not be changed by hand.

[[package]]
name = "altgraph"
version = "0.17.3"
description = "Python graph (network) package"
category = "dev"
optional = false
python-versions = "*"
files = [
    {file = "altgraph-0.17.3-py2.py3-none-any.whl", hash = "sha256:c8ac1ca6772207179ed8003ce7687757c04b0b71536f81e2ac5755c6226458fe"},
    {file = "altgraph-0.17.3.tar.gz", hash = "sha256:ad33358114df7c9416cdb8fa1eaa5852166c505118717021c6a8c7c7abbd03dd"},
]

[[package]]
name = "black"
version = "23.1.0"
description = "The uncompromising code formatter."
category = "dev"
optional = false
python-versions = ">=3.7"
files = [
    {file = "black-23.1.0-cp310-cp310-macosx_10_16_arm64.whl", hash = "sha256:b6a92a41ee34b883b359998f0c8e6eb8e99803aa8bf3123bf2b2e6fec505a221"},
    {file = "black-23.1.0-cp310-cp310-macosx_10_16_universal2.whl", hash = "sha256:57c18c5165c1dbe291d5306e53fb3988122890e57bd9b3dcb75f967f13411a26"},
    {file = "black-23.1.0-cp310-cp310-macosx_10_16_x86_64.whl", hash = "sha256:9880d7d419bb7e709b37e28deb5e68a49227713b623c72b2b931028ea65f619b"},
    {file = "black-23.1.0-cp310-cp310-manylinux_2_17_x86_64.manylinux2014_x86_64.whl", hash = "sha256:e6663f91b6feca5d06f2ccd49a10f254f9298cc1f7f49c46e498a0771b507104"},
    {file = "black-23.1.0-cp310-cp310-win_amd64.whl", hash = "sha256:9afd3f493666a0cd8f8df9a0200c6359ac53940cbde049dcb1a7eb6ee2dd7074"},
    {file = "black-23.1.0-cp311-cp311-macosx_10_16_arm64.whl", hash = "sha256:bfffba28dc52a58f04492181392ee380e95262af14ee01d4bc7bb1b1c6ca8d27"},
    {file = "black-23.1.0-cp311-cp311-macosx_10_16_universal2.whl", hash = "sha256:c1c476bc7b7d021321e7d93dc2cbd78ce103b84d5a4cf97ed535fbc0d6660648"},
    {file = "black-23.1.0-cp311-cp311-macosx_10_16_x86_64.whl", hash = "sha256:382998821f58e5c8238d3166c492139573325287820963d2f7de4d518bd76958"},
    {file = "black-23.1.0-cp311-cp311-manylinux_2_17_x86_64.manylinux2014_x86_64.whl", hash = "sha256:2bf649fda611c8550ca9d7592b69f0637218c2369b7744694c5e4902873b2f3a"},
    {file = "black-23.1.0-cp311-cp311-win_amd64.whl", hash = "sha256:121ca7f10b4a01fd99951234abdbd97728e1240be89fde18480ffac16503d481"},
    {file = "black-23.1.0-cp37-cp37m-macosx_10_16_x86_64.whl", hash = "sha256:a8471939da5e824b891b25751955be52ee7f8a30a916d570a5ba8e0f2eb2ecad"},
    {file = "black-23.1.0-cp37-cp37m-manylinux_2_17_x86_64.manylinux2014_x86_64.whl", hash = "sha256:8178318cb74f98bc571eef19068f6ab5613b3e59d4f47771582f04e175570ed8"},
    {file = "black-23.1.0-cp37-cp37m-win_amd64.whl", hash = "sha256:a436e7881d33acaf2536c46a454bb964a50eff59b21b51c6ccf5a40601fbef24"},
    {file = "black-23.1.0-cp38-cp38-macosx_10_16_arm64.whl", hash = "sha256:a59db0a2094d2259c554676403fa2fac3473ccf1354c1c63eccf7ae65aac8ab6"},
    {file = "black-23.1.0-cp38-cp38-macosx_10_16_universal2.whl", hash = "sha256:0052dba51dec07ed029ed61b18183942043e00008ec65d5028814afaab9a22fd"},
    {file = "black-23.1.0-cp38-cp38-macosx_10_16_x86_64.whl", hash = "sha256:49f7b39e30f326a34b5c9a4213213a6b221d7ae9d58ec70df1c4a307cf2a1580"},
    {file = "black-23.1.0-cp38-cp38-manylinux_2_17_x86_64.manylinux2014_x86_64.whl", hash = "sha256:162e37d49e93bd6eb6f1afc3e17a3d23a823042530c37c3c42eeeaf026f38468"},
    {file = "black-23.1.0-cp38-cp38-win_amd64.whl", hash = "sha256:8b70eb40a78dfac24842458476135f9b99ab952dd3f2dab738c1881a9b38b753"},
    {file = "black-23.1.0-cp39-cp39-macosx_10_16_arm64.whl", hash = "sha256:a29650759a6a0944e7cca036674655c2f0f63806ddecc45ed40b7b8aa314b651"},
    {file = "black-23.1.0-cp39-cp39-macosx_10_16_universal2.whl", hash = "sha256:bb460c8561c8c1bec7824ecbc3ce085eb50005883a6203dcfb0122e95797ee06"},
    {file = "black-23.1.0-cp39-cp39-macosx_10_16_x86_64.whl", hash = "sha256:c91dfc2c2a4e50df0026f88d2215e166616e0c80e86004d0003ece0488db2739"},
    {file = "black-23.1.0-cp39-cp39-manylinux_2_17_x86_64.manylinux2014_x86_64.whl", hash = "sha256:2a951cc83ab535d248c89f300eccbd625e80ab880fbcfb5ac8afb5f01a258ac9"},
    {file = "black-23.1.0-cp39-cp39-win_amd64.whl", hash = "sha256:0680d4380db3719ebcfb2613f34e86c8e6d15ffeabcf8ec59355c5e7b85bb555"},
    {file = "black-23.1.0-py3-none-any.whl", hash = "sha256:7a0f701d314cfa0896b9001df70a530eb2472babb76086344e688829efd97d32"},
    {file = "black-23.1.0.tar.gz", hash = "sha256:b0bd97bea8903f5a2ba7219257a44e3f1f9d00073d6cc1add68f0beec69692ac"},
]

[package.dependencies]
click = ">=8.0.0"
mypy-extensions = ">=0.4.3"
packaging = ">=22.0"
pathspec = ">=0.9.0"
platformdirs = ">=2"
tomli = {version = ">=1.1.0", markers = "python_version < \"3.11\""}
typing-extensions = {version = ">=3.10.0.0", markers = "python_version < \"3.10\""}

[package.extras]
colorama = ["colorama (>=0.4.3)"]
d = ["aiohttp (>=3.7.4)"]
jupyter = ["ipython (>=7.8.0)", "tokenize-rt (>=3.2.0)"]
uvloop = ["uvloop (>=0.15.2)"]

[[package]]
name = "cfgv"
version = "3.3.1"
description = "Validate configuration and produce human readable error messages."
category = "dev"
optional = false
python-versions = ">=3.6.1"
files = [
    {file = "cfgv-3.3.1-py2.py3-none-any.whl", hash = "sha256:c6a0883f3917a037485059700b9e75da2464e6c27051014ad85ba6aaa5884426"},
    {file = "cfgv-3.3.1.tar.gz", hash = "sha256:f5a830efb9ce7a445376bb66ec94c638a9787422f96264c98edc6bdeed8ab736"},
]

[[package]]
name = "click"
version = "8.1.3"
description = "Composable command line interface toolkit"
category = "dev"
optional = false
python-versions = ">=3.7"
files = [
    {file = "click-8.1.3-py3-none-any.whl", hash = "sha256:bb4d8133cb15a609f44e8213d9b391b0809795062913b383c62be0ee95b1db48"},
    {file = "click-8.1.3.tar.gz", hash = "sha256:7682dc8afb30297001674575ea00d1814d808d6a36af415a82bd481d37ba7b8e"},
]

[package.dependencies]
colorama = {version = "*", markers = "platform_system == \"Windows\""}

[[package]]
name = "colorama"
version = "0.4.6"
description = "Cross-platform colored terminal text."
category = "dev"
optional = false
python-versions = "!=3.0.*,!=3.1.*,!=3.2.*,!=3.3.*,!=3.4.*,!=3.5.*,!=3.6.*,>=2.7"
files = [
    {file = "colorama-0.4.6-py2.py3-none-any.whl", hash = "sha256:4f1d9991f5acc0ca119f9d443620b77f9d6b33703e51011c16baf57afb285fc6"},
    {file = "colorama-0.4.6.tar.gz", hash = "sha256:08695f5cb7ed6e0531a20572697297273c47b8cae5a63ffc6d6ed5c201be6e44"},
]

[[package]]
name = "distlib"
version = "0.3.6"
description = "Distribution utilities"
category = "dev"
optional = false
python-versions = "*"
files = [
    {file = "distlib-0.3.6-py2.py3-none-any.whl", hash = "sha256:f35c4b692542ca110de7ef0bea44d73981caeb34ca0b9b6b2e6d7790dda8f80e"},
    {file = "distlib-0.3.6.tar.gz", hash = "sha256:14bad2d9b04d3a36127ac97f30b12a19268f211063d8f8ee4f47108896e11b46"},
]

[[package]]
name = "filelock"
version = "3.11.0"
description = "A platform independent file lock."
category = "dev"
optional = false
python-versions = ">=3.7"
files = [
    {file = "filelock-3.11.0-py3-none-any.whl", hash = "sha256:f08a52314748335c6460fc8fe40cd5638b85001225db78c2aa01c8c0db83b318"},
    {file = "filelock-3.11.0.tar.gz", hash = "sha256:3618c0da67adcc0506b015fd11ef7faf1b493f0b40d87728e19986b536890c37"},
]

[package.extras]
docs = ["furo (>=2023.3.27)", "sphinx (>=6.1.3)", "sphinx-autodoc-typehints (>=1.22,!=1.23.4)"]
testing = ["covdefaults (>=2.3)", "coverage (>=7.2.2)", "diff-cover (>=7.5)", "pytest (>=7.2.2)", "pytest-cov (>=4)", "pytest-mock (>=3.10)", "pytest-timeout (>=2.1)"]

[[package]]
name = "identify"
version = "2.5.22"
description = "File identification library for Python"
category = "dev"
optional = false
python-versions = ">=3.7"
files = [
    {file = "identify-2.5.22-py2.py3-none-any.whl", hash = "sha256:f0faad595a4687053669c112004178149f6c326db71ee999ae4636685753ad2f"},
    {file = "identify-2.5.22.tar.gz", hash = "sha256:f7a93d6cf98e29bd07663c60728e7a4057615068d7a639d132dc883b2d54d31e"},
]

[package.extras]
license = ["ukkonen"]

[[package]]
name = "macholib"
version = "1.16.2"
description = "Mach-O header analysis and editing"
category = "dev"
optional = false
python-versions = "*"
files = [
    {file = "macholib-1.16.2-py2.py3-none-any.whl", hash = "sha256:44c40f2cd7d6726af8fa6fe22549178d3a4dfecc35a9cd15ea916d9c83a688e0"},
    {file = "macholib-1.16.2.tar.gz", hash = "sha256:557bbfa1bb255c20e9abafe7ed6cd8046b48d9525db2f9b77d3122a63a2a8bf8"},
]

[package.dependencies]
altgraph = ">=0.17"

[[package]]
name = "mypy-extensions"
version = "1.0.0"
description = "Type system extensions for programs checked with the mypy type checker."
category = "dev"
optional = false
python-versions = ">=3.5"
files = [
    {file = "mypy_extensions-1.0.0-py3-none-any.whl", hash = "sha256:4392f6c0eb8a5668a69e23d168ffa70f0be9ccfd32b5cc2d26a34ae5b844552d"},
    {file = "mypy_extensions-1.0.0.tar.gz", hash = "sha256:75dbf8955dc00442a438fc4d0666508a9a97b6bd41aa2f0ffe9d2f2725af0782"},
]

[[package]]
name = "nodeenv"
version = "1.7.0"
description = "Node.js virtual environment builder"
category = "dev"
optional = false
python-versions = ">=2.7,!=3.0.*,!=3.1.*,!=3.2.*,!=3.3.*,!=3.4.*,!=3.5.*,!=3.6.*"
files = [
    {file = "nodeenv-1.7.0-py2.py3-none-any.whl", hash = "sha256:27083a7b96a25f2f5e1d8cb4b6317ee8aeda3bdd121394e5ac54e498028a042e"},
    {file = "nodeenv-1.7.0.tar.gz", hash = "sha256:e0e7f7dfb85fc5394c6fe1e8fa98131a2473e04311a45afb6508f7cf1836fa2b"},
]

[package.dependencies]
setuptools = "*"

[[package]]
name = "packaging"
version = "23.0"
description = "Core utilities for Python packages"
category = "dev"
optional = false
python-versions = ">=3.7"
files = [
    {file = "packaging-23.0-py3-none-any.whl", hash = "sha256:714ac14496c3e68c99c29b00845f7a2b85f3bb6f1078fd9f72fd20f0570002b2"},
    {file = "packaging-23.0.tar.gz", hash = "sha256:b6ad297f8907de0fa2fe1ccbd26fdaf387f5f47c7275fedf8cce89f99446cf97"},
]

[[package]]
name = "pathspec"
version = "0.11.1"
description = "Utility library for gitignore style pattern matching of file paths."
category = "dev"
optional = false
python-versions = ">=3.7"
files = [
    {file = "pathspec-0.11.1-py3-none-any.whl", hash = "sha256:d8af70af76652554bd134c22b3e8a1cc46ed7d91edcdd721ef1a0c51a84a5293"},
    {file = "pathspec-0.11.1.tar.gz", hash = "sha256:2798de800fa92780e33acca925945e9a19a133b715067cf165b8866c15a31687"},
]

[[package]]
name = "pefile"
version = "2023.2.7"
description = "Python PE parsing module"
category = "dev"
optional = false
python-versions = ">=3.6.0"
files = [
    {file = "pefile-2023.2.7-py3-none-any.whl", hash = "sha256:da185cd2af68c08a6cd4481f7325ed600a88f6a813bad9dea07ab3ef73d8d8d6"},
    {file = "pefile-2023.2.7.tar.gz", hash = "sha256:82e6114004b3d6911c77c3953e3838654b04511b8b66e8583db70c65998017dc"},
]

[[package]]
name = "platformdirs"
version = "3.2.0"
description = "A small Python package for determining appropriate platform-specific dirs, e.g. a \"user data dir\"."
category = "dev"
optional = false
python-versions = ">=3.7"
files = [
    {file = "platformdirs-3.2.0-py3-none-any.whl", hash = "sha256:ebe11c0d7a805086e99506aa331612429a72ca7cd52a1f0d277dc4adc20cb10e"},
    {file = "platformdirs-3.2.0.tar.gz", hash = "sha256:d5b638ca397f25f979350ff789db335903d7ea010ab28903f57b27e1b16c2b08"},
]

[package.extras]
docs = ["furo (>=2022.12.7)", "proselint (>=0.13)", "sphinx (>=6.1.3)", "sphinx-autodoc-typehints (>=1.22,!=1.23.4)"]
test = ["appdirs (==1.4.4)", "covdefaults (>=2.3)", "pytest (>=7.2.2)", "pytest-cov (>=4)", "pytest-mock (>=3.10)"]

[[package]]
name = "pre-commit"
version = "3.2.2"
description = "A framework for managing and maintaining multi-language pre-commit hooks."
category = "dev"
optional = false
python-versions = ">=3.8"
files = [
    {file = "pre_commit-3.2.2-py2.py3-none-any.whl", hash = "sha256:0b4210aea813fe81144e87c5a291f09ea66f199f367fa1df41b55e1d26e1e2b4"},
    {file = "pre_commit-3.2.2.tar.gz", hash = "sha256:5b808fcbda4afbccf6d6633a56663fed35b6c2bc08096fd3d47ce197ac351d9d"},
]

[package.dependencies]
cfgv = ">=2.0.0"
identify = ">=1.0.0"
nodeenv = ">=0.11.1"
pyyaml = ">=5.1"
virtualenv = ">=20.10.0"

[[package]]
name = "pygame"
version = "2.2.0"
description = "Python Game Development"
category = "main"
optional = false
python-versions = ">=3.6"
files = [
    {file = "pygame-2.2.0-cp310-cp310-macosx_10_9_x86_64.whl", hash = "sha256:ab87bbafc712bf64fb4e22c9a8a90e974855a09563f58e3f38c79373bb473c85"},
    {file = "pygame-2.2.0-cp310-cp310-macosx_11_0_arm64.whl", hash = "sha256:f8b2f9dd8aa2761372df0c733e1f226d6efd09e044de64c31e84130cfb092934"},
    {file = "pygame-2.2.0-cp310-cp310-manylinux_2_12_i686.manylinux2010_i686.whl", hash = "sha256:1bdeb4961bf4a2678954ef918f881751ec1e82f2734e3ac0fb1cd7fddbcc8c0a"},
    {file = "pygame-2.2.0-cp310-cp310-manylinux_2_12_x86_64.manylinux2010_x86_64.whl", hash = "sha256:dac9e207794c1467281573860b6bd5db203c46b43d105320eaf9ac18fc4031d0"},
    {file = "pygame-2.2.0-cp310-cp310-manylinux_2_17_aarch64.manylinux2014_aarch64.whl", hash = "sha256:73277d5b1b9c4cacb29f8fab4b7aef4fdcb32c5dbbf085672dda01cfea120504"},
    {file = "pygame-2.2.0-cp310-cp310-manylinux_2_17_i686.manylinux2014_i686.whl", hash = "sha256:b523d00bbeff8ef9418b95c78d032f78e7e4ca83487a20ec0f84d2cd2afe8366"},
    {file = "pygame-2.2.0-cp310-cp310-manylinux_2_17_x86_64.manylinux2014_x86_64.whl", hash = "sha256:381fa033fa8f1d130ec32975d5407f386372d32f2b40015d57277a277db9f723"},
    {file = "pygame-2.2.0-cp310-cp310-win32.whl", hash = "sha256:2810bbbd22016299f5d16ddcf0b446ca264cc507e6ce131c4d12c3425734eeaa"},
    {file = "pygame-2.2.0-cp310-cp310-win_amd64.whl", hash = "sha256:e17de19d7137fb169c9302e12894b8e8cbc4a3dab85b8f86fcd1c83a93849c3b"},
    {file = "pygame-2.2.0-cp311-cp311-macosx_10_9_x86_64.whl", hash = "sha256:e75766f2a1d0c5ef34c253dbe08f188ca3d211c7e6e1c4bf4fd128115c9c0299"},
    {file = "pygame-2.2.0-cp311-cp311-macosx_11_0_arm64.whl", hash = "sha256:6cfb45e881d412df333dbcba39e71d0e3155eb52affd900bac0770c56f870435"},
    {file = "pygame-2.2.0-cp311-cp311-manylinux_2_17_aarch64.manylinux2014_aarch64.whl", hash = "sha256:79f416f860507f3a4946d8811dd002367f50f2cc307ff100d323388cd68dd227"},
    {file = "pygame-2.2.0-cp311-cp311-manylinux_2_17_i686.manylinux2014_i686.whl", hash = "sha256:6015baba3be040f3f982e8f5396ea36352f0ea5570dd6c2f0b1c9c0d16d1a448"},
    {file = "pygame-2.2.0-cp311-cp311-manylinux_2_17_x86_64.manylinux2014_x86_64.whl", hash = "sha256:e65d8b29cf038f758b6617481994fe8b917e21b86756c153dad6a2d62e1ca050"},
    {file = "pygame-2.2.0-cp311-cp311-win32.whl", hash = "sha256:ef866888f9a6d1ca5822f5caaba89f93a85beba15186ee66766eec67fe908256"},
    {file = "pygame-2.2.0-cp311-cp311-win_amd64.whl", hash = "sha256:e344d07ef341e49315c204a370abba8a0b02fa7efea1b528696b22b3f30a60aa"},
    {file = "pygame-2.2.0-cp36-cp36m-macosx_10_9_x86_64.whl", hash = "sha256:2d6142a784bbef3f1680ece65b7cc4acc2e5c1433c1ff4f7f9ca6c30a38bb7df"},
    {file = "pygame-2.2.0-cp36-cp36m-manylinux_2_12_i686.manylinux2010_i686.whl", hash = "sha256:649fb006abbaf74005e931e855a9fb1583e7f2c52393a0d1038335f756d2d33a"},
    {file = "pygame-2.2.0-cp36-cp36m-manylinux_2_12_x86_64.manylinux2010_x86_64.whl", hash = "sha256:677e57472ab13508847c69385e6b998152684f92a733babf345129595e4b781d"},
    {file = "pygame-2.2.0-cp36-cp36m-manylinux_2_17_aarch64.manylinux2014_aarch64.whl", hash = "sha256:43049d7e04e3f8101d14c1bc71a1d117e4092283e45f2488cfc1733f44722152"},
    {file = "pygame-2.2.0-cp36-cp36m-manylinux_2_17_i686.manylinux2014_i686.whl", hash = "sha256:7f6d16040c1676b29757f308819fbf69b0994f4e140f1782b26de6988b50736f"},
    {file = "pygame-2.2.0-cp36-cp36m-manylinux_2_17_x86_64.manylinux2014_x86_64.whl", hash = "sha256:20e85152b2b89259b44eb8f563e86a9e2f27f663f243edb7f764f1b355ee86b3"},
    {file = "pygame-2.2.0-cp36-cp36m-manylinux_2_5_i686.manylinux1_i686.whl", hash = "sha256:fdb87b944d861e0fc1f2f872eb2ebc75e8a6aca892937df3f7242f27ff45e2a4"},
    {file = "pygame-2.2.0-cp36-cp36m-manylinux_2_5_x86_64.manylinux1_x86_64.whl", hash = "sha256:b1129745eef343488c69b5e311a86e13f1e497077d562058e07773cc8813fab1"},
    {file = "pygame-2.2.0-cp36-cp36m-win32.whl", hash = "sha256:8feaaa82cb33243234d97892c5b2dd18a172071a6bb4ad3fe0d64880e5353e69"},
    {file = "pygame-2.2.0-cp36-cp36m-win_amd64.whl", hash = "sha256:af5355f4a7b317e994ec100b5608bfd7da8261a221a66a6964f94c59ff269afd"},
    {file = "pygame-2.2.0-cp37-cp37m-macosx_10_9_x86_64.whl", hash = "sha256:f5c40802e7e0947ad8527ce347413d4355c0cecdb1bae0696a1cf74ad5c5f84d"},
    {file = "pygame-2.2.0-cp37-cp37m-manylinux_2_12_i686.manylinux2010_i686.whl", hash = "sha256:d66247f1a989fc02737bbda4e25a5aa06ede4dcde8122ca295a1ec3fd09364c8"},
    {file = "pygame-2.2.0-cp37-cp37m-manylinux_2_12_x86_64.manylinux2010_x86_64.whl", hash = "sha256:0f9b905d3c9a1908f2c6ba313ac864c52865688f0b9484b9519aa53195ec89c3"},
    {file = "pygame-2.2.0-cp37-cp37m-manylinux_2_17_aarch64.manylinux2014_aarch64.whl", hash = "sha256:6de9b5023d5e3767a7f0634f9e692b6d13a947a66a6d9590bff124ce14c8f499"},
    {file = "pygame-2.2.0-cp37-cp37m-manylinux_2_17_i686.manylinux2014_i686.whl", hash = "sha256:257e9714552546a43aab94f224edccb5f22458532a702b81fdf513c54b5fa6da"},
    {file = "pygame-2.2.0-cp37-cp37m-manylinux_2_17_x86_64.manylinux2014_x86_64.whl", hash = "sha256:fbbb0ed0152d31de7a00faf7053b5b0f0813679e2b8e5db804aea0a79b20d278"},
    {file = "pygame-2.2.0-cp37-cp37m-manylinux_2_5_i686.manylinux1_i686.whl", hash = "sha256:618244dc03f00df8dcce764c22091791b664acd655cbb8f0c235db15ea5a36c9"},
    {file = "pygame-2.2.0-cp37-cp37m-manylinux_2_5_x86_64.manylinux1_x86_64.whl", hash = "sha256:6057e08a42bc113cc4adf309436a04b993beb11e29db4ae8a516fdbf53874b59"},
    {file = "pygame-2.2.0-cp37-cp37m-win32.whl", hash = "sha256:90219b8000d07993b1c69677c0be6e3d8e1f103051b7e37b99aabe4a7f540832"},
    {file = "pygame-2.2.0-cp37-cp37m-win_amd64.whl", hash = "sha256:2bf544fd0f07af4290c91159789957508df19df4f728a42661531dc46c3d9b80"},
    {file = "pygame-2.2.0-cp38-cp38-macosx_10_9_x86_64.whl", hash = "sha256:22bb55a57d6faeaa82e9efcfa3c09a5bc909b4c0fea8d103e27cebdd00c9b992"},
    {file = "pygame-2.2.0-cp38-cp38-macosx_11_0_arm64.whl", hash = "sha256:723c297f702af48afdbacb0165b0ada9c1d2eb8ec77e45e2561536fbd56738f0"},
    {file = "pygame-2.2.0-cp38-cp38-manylinux_2_12_i686.manylinux2010_i686.whl", hash = "sha256:6f216af455ad3c1ef537e3bdd85f40dfc73ccb079328216ee98be6c30f9ac91f"},
    {file = "pygame-2.2.0-cp38-cp38-manylinux_2_12_x86_64.manylinux2010_x86_64.whl", hash = "sha256:720f03e06d779174c2a867fa65ad58807cd12e48052d38a4398c96ff7d4ae940"},
    {file = "pygame-2.2.0-cp38-cp38-manylinux_2_17_aarch64.manylinux2014_aarch64.whl", hash = "sha256:6ab8b06dd4b75a7cfc5aa652625bebeb99fcf190221019bcfd28daf3fa221f78"},
    {file = "pygame-2.2.0-cp38-cp38-manylinux_2_17_i686.manylinux2014_i686.whl", hash = "sha256:cd05cf88bd12d41e5002809fee097dc592dd24697bcd110a33505a6c2c28dd4a"},
    {file = "pygame-2.2.0-cp38-cp38-manylinux_2_17_x86_64.manylinux2014_x86_64.whl", hash = "sha256:c3dd5b5d3b765810180ee10e0c1b2101fff28b98f756ff2331463c9947df0120"},
    {file = "pygame-2.2.0-cp38-cp38-manylinux_2_5_i686.manylinux1_i686.whl", hash = "sha256:9ed7d65ea3db3978506aeffdd36776884a832d1c3542c1ff582a0bc31916010a"},
    {file = "pygame-2.2.0-cp38-cp38-manylinux_2_5_x86_64.manylinux1_x86_64.whl", hash = "sha256:d177cbea4ea913c49c5225049c488ea82d30c3004862de7d50611ad3144d28ad"},
    {file = "pygame-2.2.0-cp38-cp38-win32.whl", hash = "sha256:c2a12c6cf41058c947fbbb08edcc777cb6631636385b6bbc38783bb759930b39"},
    {file = "pygame-2.2.0-cp38-cp38-win_amd64.whl", hash = "sha256:012a233fce1367d8813070e394246050320ed0897e89e008f05c185572a6c523"},
    {file = "pygame-2.2.0-cp39-cp39-macosx_10_9_x86_64.whl", hash = "sha256:5a3f188cda812a370bd276163b860db431045fe44d8874c12cd459c2e6e65cb9"},
    {file = "pygame-2.2.0-cp39-cp39-macosx_11_0_arm64.whl", hash = "sha256:d24e6ef51adf6a1f7ca625a2085714094b8627624503005bb660bf077c6d51b5"},
    {file = "pygame-2.2.0-cp39-cp39-manylinux_2_12_i686.manylinux2010_i686.whl", hash = "sha256:792fc1be24d159b62337bb850300a899a9be1d67ad4b5a32cdc794e4749a116d"},
    {file = "pygame-2.2.0-cp39-cp39-manylinux_2_12_x86_64.manylinux2010_x86_64.whl", hash = "sha256:2b81e22402a3908273ddc67a09e7880f44c28f7499a9ecd5a5b5c14490415c05"},
    {file = "pygame-2.2.0-cp39-cp39-manylinux_2_17_aarch64.manylinux2014_aarch64.whl", hash = "sha256:8aa8e7fe0fc70b4480f77794b2ee8b5aaabc1f34051d019d65b0e512dfb36678"},
    {file = "pygame-2.2.0-cp39-cp39-manylinux_2_17_i686.manylinux2014_i686.whl", hash = "sha256:6bf82b0aa3534ca0b8312cbd0e94e3acff153cdbe5b5407eb123bbac14d96f4f"},
    {file = "pygame-2.2.0-cp39-cp39-manylinux_2_17_x86_64.manylinux2014_x86_64.whl", hash = "sha256:a40687b476ffdb68a40204b05b09df37e2e8df1117e3037c43ae5d690c27c58e"},
    {file = "pygame-2.2.0-cp39-cp39-manylinux_2_5_i686.manylinux1_i686.whl", hash = "sha256:2fc1072d13cdd2e8d08fe959e1134343679e2757eaff3656c69b7d18e70d488e"},
    {file = "pygame-2.2.0-cp39-cp39-manylinux_2_5_x86_64.manylinux1_x86_64.whl", hash = "sha256:8927dec320dd2b6bd8e29d841201534a487bf5332b1b76bacd8b2bfd40d18458"},
    {file = "pygame-2.2.0-cp39-cp39-win32.whl", hash = "sha256:862c04467156901c37f7acdab96a0becc57e129287f852003705dd02be7be24a"},
    {file = "pygame-2.2.0-cp39-cp39-win_amd64.whl", hash = "sha256:1812138bb9cfe61e7e9821250d418b66263dd6dbd11757bdc2b7c17d00806e5f"},
    {file = "pygame-2.2.0-pp36-pypy36_pp73-win32.whl", hash = "sha256:d5d2fccfc109d0f483b1d801650121ca9f8f51260d61fb64c15412455504612c"},
    {file = "pygame-2.2.0-pp37-pypy37_pp73-manylinux_2_17_i686.manylinux2014_i686.whl", hash = "sha256:dc59ccd474948522f2c6cb1a72962b826659eb52e4bb031e5575e8986d43c8dc"},
    {file = "pygame-2.2.0-pp37-pypy37_pp73-manylinux_2_17_x86_64.manylinux2014_x86_64.whl", hash = "sha256:ae66ce9165ab20c0b484eb660dd8fedbc44f0101d62cb7d780a5bcb7ee72ba2c"},
    {file = "pygame-2.2.0-pp38-pypy38_pp73-macosx_10_9_x86_64.whl", hash = "sha256:da064b730c8be76a1b320771a605819f4e364fbcede6555d2905c84970b4e36c"},
    {file = "pygame-2.2.0-pp38-pypy38_pp73-manylinux_2_17_i686.manylinux2014_i686.whl", hash = "sha256:7fcd187835276b99136fbea94f158aaff2cd92352913f01a47ee909917126485"},
    {file = "pygame-2.2.0-pp38-pypy38_pp73-manylinux_2_17_x86_64.manylinux2014_x86_64.whl", hash = "sha256:4c0c98ae429bd275c098019ec917a1f8ecde03667c69db02dbd909327df67ebe"},
    {file = "pygame-2.2.0-pp39-pypy39_pp73-macosx_10_9_x86_64.whl", hash = "sha256:a274b99012ac340e308c21e838b49c0f2dc1f10ea28436a4994712a3b028d79e"},
    {file = "pygame-2.2.0-pp39-pypy39_pp73-manylinux_2_17_i686.manylinux2014_i686.whl", hash = "sha256:90093d731823caf864cfb8f4b88ed31604f164a46ea49c5f5551c4dc4b665fbb"},
    {file = "pygame-2.2.0-pp39-pypy39_pp73-manylinux_2_17_x86_64.manylinux2014_x86_64.whl", hash = "sha256:20b0015f7d86b765611141460496ba9669b13dcd956f6d05685e23fe70a7559a"},
    {file = "pygame-2.2.0.tar.gz", hash = "sha256:c64d06a97dd7fcdb8433c1c846757e9d253a36e49e579daeab090caeb6b2ef31"},
]

[[package]]
name = "pyinstaller"
version = "5.10.1"
description = "PyInstaller bundles a Python application and all its dependencies into a single package."
category = "dev"
optional = false
python-versions = "<3.12,>=3.7"
files = [
    {file = "pyinstaller-5.10.1-py3-none-macosx_10_13_universal2.whl", hash = "sha256:247b99c52dc3cf69eba905da30dbca0a8ea309e1058cab44658ac838d9b8f2f0"},
    {file = "pyinstaller-5.10.1-py3-none-manylinux2014_aarch64.whl", hash = "sha256:2d16641a495593d174504263b038a6d3d46b3b15a381ccb216cf6cce67723512"},
    {file = "pyinstaller-5.10.1-py3-none-manylinux2014_i686.whl", hash = "sha256:df97aaf1103a1c485aa3c9947792a86675e370f5ce9b436b4a84e34a4180c8d2"},
    {file = "pyinstaller-5.10.1-py3-none-manylinux2014_ppc64le.whl", hash = "sha256:333b4ffda38d9c0a561c38429dd9848d37aa78f3b8ea8a6f2b2e69a60d523c02"},
    {file = "pyinstaller-5.10.1-py3-none-manylinux2014_s390x.whl", hash = "sha256:6afc7aa4885ffd3e6121a8cf2138830099f874c18cb5869bed8c1a42db82d060"},
    {file = "pyinstaller-5.10.1-py3-none-manylinux2014_x86_64.whl", hash = "sha256:85e39e36d03355423636907a26a9bfa06fdc93cb1086441b19d2d0ca448479fa"},
    {file = "pyinstaller-5.10.1-py3-none-musllinux_1_1_aarch64.whl", hash = "sha256:7a1db833bb0302b66ae3ae337fbd5487699658ce869ca4d538b5359b8179e83a"},
    {file = "pyinstaller-5.10.1-py3-none-musllinux_1_1_x86_64.whl", hash = "sha256:bb7de35cd209a0a0358aec761a273ae951d2161c03728f15d9a640d06a88e472"},
    {file = "pyinstaller-5.10.1-py3-none-win32.whl", hash = "sha256:9e9a38f41f8280c8e29b294716992852281b41fbe64ba330ebab671efe27b26d"},
    {file = "pyinstaller-5.10.1-py3-none-win_amd64.whl", hash = "sha256:915a502802c751bafd92d568ac57468ec6cdf252b8308aa9a167bbc2c565ad2d"},
    {file = "pyinstaller-5.10.1-py3-none-win_arm64.whl", hash = "sha256:f677fbc151db1eb00ada94e86ed128e7b359cbd6bf3f6ea815afdde687692d46"},
    {file = "pyinstaller-5.10.1.tar.gz", hash = "sha256:6ecc464bf56919bf2d6bff275f38d85ff08ae747b8ead3a0c26cf85573b3c723"},
]

[package.dependencies]
altgraph = "*"
macholib = {version = ">=1.8", markers = "sys_platform == \"darwin\""}
pefile = {version = ">=2022.5.30", markers = "sys_platform == \"win32\""}
pyinstaller-hooks-contrib = ">=2021.4"
pywin32-ctypes = {version = ">=0.2.0", markers = "sys_platform == \"win32\""}
setuptools = ">=42.0.0"

[package.extras]
encryption = ["tinyaes (>=1.0.0)"]
hook-testing = ["execnet (>=1.5.0)", "psutil", "pytest (>=2.7.3)"]

[[package]]
name = "pyinstaller-hooks-contrib"
version = "2023.2"
description = "Community maintained hooks for PyInstaller"
category = "dev"
optional = false
python-versions = ">=3.7"
files = [
    {file = "pyinstaller-hooks-contrib-2023.2.tar.gz", hash = "sha256:7fb856a81fd06a717188a3175caa77e902035cc067b00b583c6409c62497b23f"},
    {file = "pyinstaller_hooks_contrib-2023.2-py2.py3-none-any.whl", hash = "sha256:e02c5f0ee3d4f5814588c2128caf5036c058ba764aaf24d957bb5311ad8690ad"},
]

[[package]]
name = "pytmx"
version = "3.31"
description = "Loads tiled tmx maps"
category = "main"
optional = false
python-versions = ">=3.7"
files = [
    {file = "PyTMX-3.31-py3-none-any.whl", hash = "sha256:8d572fa8889236879e19351f99f425a0df905105f8503d77470746c386befd05"},
    {file = "PyTMX-3.31.tar.gz", hash = "sha256:ead258771640c82029c6fef53661464163e791e729b7e63def53e1bd85e4efe8"},
]

[[package]]
name = "pywin32-ctypes"
version = "0.2.0"
description = ""
category = "dev"
optional = false
python-versions = "*"
files = [
    {file = "pywin32-ctypes-0.2.0.tar.gz", hash = "sha256:24ffc3b341d457d48e8922352130cf2644024a4ff09762a2261fd34c36ee5942"},
    {file = "pywin32_ctypes-0.2.0-py2.py3-none-any.whl", hash = "sha256:9dc2d991b3479cc2df15930958b674a48a227d5361d413827a4cfd0b5876fc98"},
]

[[package]]
name = "pyyaml"
version = "6.0"
description = "YAML parser and emitter for Python"
category = "dev"
optional = false
python-versions = ">=3.6"
files = [
    {file = "PyYAML-6.0-cp310-cp310-macosx_10_9_x86_64.whl", hash = "sha256:d4db7c7aef085872ef65a8fd7d6d09a14ae91f691dec3e87ee5ee0539d516f53"},
    {file = "PyYAML-6.0-cp310-cp310-macosx_11_0_arm64.whl", hash = "sha256:9df7ed3b3d2e0ecfe09e14741b857df43adb5a3ddadc919a2d94fbdf78fea53c"},
    {file = "PyYAML-6.0-cp310-cp310-manylinux_2_17_aarch64.manylinux2014_aarch64.whl", hash = "sha256:77f396e6ef4c73fdc33a9157446466f1cff553d979bd00ecb64385760c6babdc"},
    {file = "PyYAML-6.0-cp310-cp310-manylinux_2_17_s390x.manylinux2014_s390x.whl", hash = "sha256:a80a78046a72361de73f8f395f1f1e49f956c6be882eed58505a15f3e430962b"},
    {file = "PyYAML-6.0-cp310-cp310-manylinux_2_5_x86_64.manylinux1_x86_64.manylinux_2_12_x86_64.manylinux2010_x86_64.whl", hash = "sha256:f84fbc98b019fef2ee9a1cb3ce93e3187a6df0b2538a651bfb890254ba9f90b5"},
    {file = "PyYAML-6.0-cp310-cp310-win32.whl", hash = "sha256:2cd5df3de48857ed0544b34e2d40e9fac445930039f3cfe4bcc592a1f836d513"},
    {file = "PyYAML-6.0-cp310-cp310-win_amd64.whl", hash = "sha256:daf496c58a8c52083df09b80c860005194014c3698698d1a57cbcfa182142a3a"},
    {file = "PyYAML-6.0-cp311-cp311-macosx_10_9_x86_64.whl", hash = "sha256:d4b0ba9512519522b118090257be113b9468d804b19d63c71dbcf4a48fa32358"},
    {file = "PyYAML-6.0-cp311-cp311-macosx_11_0_arm64.whl", hash = "sha256:81957921f441d50af23654aa6c5e5eaf9b06aba7f0a19c18a538dc7ef291c5a1"},
    {file = "PyYAML-6.0-cp311-cp311-manylinux_2_17_aarch64.manylinux2014_aarch64.whl", hash = "sha256:afa17f5bc4d1b10afd4466fd3a44dc0e245382deca5b3c353d8b757f9e3ecb8d"},
    {file = "PyYAML-6.0-cp311-cp311-manylinux_2_17_s390x.manylinux2014_s390x.whl", hash = "sha256:dbad0e9d368bb989f4515da330b88a057617d16b6a8245084f1b05400f24609f"},
    {file = "PyYAML-6.0-cp311-cp311-manylinux_2_17_x86_64.manylinux2014_x86_64.whl", hash = "sha256:432557aa2c09802be39460360ddffd48156e30721f5e8d917f01d31694216782"},
    {file = "PyYAML-6.0-cp311-cp311-win32.whl", hash = "sha256:bfaef573a63ba8923503d27530362590ff4f576c626d86a9fed95822a8255fd7"},
    {file = "PyYAML-6.0-cp311-cp311-win_amd64.whl", hash = "sha256:01b45c0191e6d66c470b6cf1b9531a771a83c1c4208272ead47a3ae4f2f603bf"},
    {file = "PyYAML-6.0-cp36-cp36m-macosx_10_9_x86_64.whl", hash = "sha256:897b80890765f037df3403d22bab41627ca8811ae55e9a722fd0392850ec4d86"},
    {file = "PyYAML-6.0-cp36-cp36m-manylinux_2_17_aarch64.manylinux2014_aarch64.whl", hash = "sha256:50602afada6d6cbfad699b0c7bb50d5ccffa7e46a3d738092afddc1f9758427f"},
    {file = "PyYAML-6.0-cp36-cp36m-manylinux_2_17_s390x.manylinux2014_s390x.whl", hash = "sha256:48c346915c114f5fdb3ead70312bd042a953a8ce5c7106d5bfb1a5254e47da92"},
    {file = "PyYAML-6.0-cp36-cp36m-manylinux_2_5_x86_64.manylinux1_x86_64.manylinux_2_12_x86_64.manylinux2010_x86_64.whl", hash = "sha256:98c4d36e99714e55cfbaaee6dd5badbc9a1ec339ebfc3b1f52e293aee6bb71a4"},
    {file = "PyYAML-6.0-cp36-cp36m-win32.whl", hash = "sha256:0283c35a6a9fbf047493e3a0ce8d79ef5030852c51e9d911a27badfde0605293"},
    {file = "PyYAML-6.0-cp36-cp36m-win_amd64.whl", hash = "sha256:07751360502caac1c067a8132d150cf3d61339af5691fe9e87803040dbc5db57"},
    {file = "PyYAML-6.0-cp37-cp37m-macosx_10_9_x86_64.whl", hash = "sha256:819b3830a1543db06c4d4b865e70ded25be52a2e0631ccd2f6a47a2822f2fd7c"},
    {file = "PyYAML-6.0-cp37-cp37m-manylinux_2_17_aarch64.manylinux2014_aarch64.whl", hash = "sha256:473f9edb243cb1935ab5a084eb238d842fb8f404ed2193a915d1784b5a6b5fc0"},
    {file = "PyYAML-6.0-cp37-cp37m-manylinux_2_17_s390x.manylinux2014_s390x.whl", hash = "sha256:0ce82d761c532fe4ec3f87fc45688bdd3a4c1dc5e0b4a19814b9009a29baefd4"},
    {file = "PyYAML-6.0-cp37-cp37m-manylinux_2_5_x86_64.manylinux1_x86_64.manylinux_2_12_x86_64.manylinux2010_x86_64.whl", hash = "sha256:231710d57adfd809ef5d34183b8ed1eeae3f76459c18fb4a0b373ad56bedcdd9"},
    {file = "PyYAML-6.0-cp37-cp37m-win32.whl", hash = "sha256:c5687b8d43cf58545ade1fe3e055f70eac7a5a1a0bf42824308d868289a95737"},
    {file = "PyYAML-6.0-cp37-cp37m-win_amd64.whl", hash = "sha256:d15a181d1ecd0d4270dc32edb46f7cb7733c7c508857278d3d378d14d606db2d"},
    {file = "PyYAML-6.0-cp38-cp38-macosx_10_9_x86_64.whl", hash = "sha256:0b4624f379dab24d3725ffde76559cff63d9ec94e1736b556dacdfebe5ab6d4b"},
    {file = "PyYAML-6.0-cp38-cp38-manylinux_2_17_aarch64.manylinux2014_aarch64.whl", hash = "sha256:213c60cd50106436cc818accf5baa1aba61c0189ff610f64f4a3e8c6726218ba"},
    {file = "PyYAML-6.0-cp38-cp38-manylinux_2_17_s390x.manylinux2014_s390x.whl", hash = "sha256:9fa600030013c4de8165339db93d182b9431076eb98eb40ee068700c9c813e34"},
    {file = "PyYAML-6.0-cp38-cp38-manylinux_2_5_x86_64.manylinux1_x86_64.manylinux_2_12_x86_64.manylinux2010_x86_64.whl", hash = "sha256:277a0ef2981ca40581a47093e9e2d13b3f1fbbeffae064c1d21bfceba2030287"},
    {file = "PyYAML-6.0-cp38-cp38-win32.whl", hash = "sha256:d4eccecf9adf6fbcc6861a38015c2a64f38b9d94838ac1810a9023a0609e1b78"},
    {file = "PyYAML-6.0-cp38-cp38-win_amd64.whl", hash = "sha256:1e4747bc279b4f613a09eb64bba2ba602d8a6664c6ce6396a4d0cd413a50ce07"},
    {file = "PyYAML-6.0-cp39-cp39-macosx_10_9_x86_64.whl", hash = "sha256:055d937d65826939cb044fc8c9b08889e8c743fdc6a32b33e2390f66013e449b"},
    {file = "PyYAML-6.0-cp39-cp39-macosx_11_0_arm64.whl", hash = "sha256:e61ceaab6f49fb8bdfaa0f92c4b57bcfbea54c09277b1b4f7ac376bfb7a7c174"},
    {file = "PyYAML-6.0-cp39-cp39-manylinux_2_17_aarch64.manylinux2014_aarch64.whl", hash = "sha256:d67d839ede4ed1b28a4e8909735fc992a923cdb84e618544973d7dfc71540803"},
    {file = "PyYAML-6.0-cp39-cp39-manylinux_2_17_s390x.manylinux2014_s390x.whl", hash = "sha256:cba8c411ef271aa037d7357a2bc8f9ee8b58b9965831d9e51baf703280dc73d3"},
    {file = "PyYAML-6.0-cp39-cp39-manylinux_2_5_x86_64.manylinux1_x86_64.manylinux_2_12_x86_64.manylinux2010_x86_64.whl", hash = "sha256:40527857252b61eacd1d9af500c3337ba8deb8fc298940291486c465c8b46ec0"},
    {file = "PyYAML-6.0-cp39-cp39-win32.whl", hash = "sha256:b5b9eccad747aabaaffbc6064800670f0c297e52c12754eb1d976c57e4f74dcb"},
    {file = "PyYAML-6.0-cp39-cp39-win_amd64.whl", hash = "sha256:b3d267842bf12586ba6c734f89d1f5b871df0273157918b0ccefa29deb05c21c"},
    {file = "PyYAML-6.0.tar.gz", hash = "sha256:68fb519c14306fec9720a2a5b45bc9f0c8d1b9c72adf45c37baedfcd949c35a2"},
]

[[package]]
name = "ruff"
version = "0.0.255"
description = "An extremely fast Python linter, written in Rust."
category = "dev"
optional = false
python-versions = ">=3.7"
files = [
    {file = "ruff-0.0.255-py3-none-macosx_10_7_x86_64.whl", hash = "sha256:b2d71fb6a7e50501a2473864acffc85dee6b750c25db198f7e71fe1dbbff1aad"},
    {file = "ruff-0.0.255-py3-none-macosx_10_9_x86_64.macosx_11_0_arm64.macosx_10_9_universal2.whl", hash = "sha256:6c97d746861a6010f941179e84bba9feb8a871815667471d9ed6beb98d45c252"},
    {file = "ruff-0.0.255-py3-none-manylinux_2_17_aarch64.manylinux2014_aarch64.whl", hash = "sha256:9a7fa60085079b91a298b963361be9b1b1c724582af6c84be954cbabdbd9309a"},
    {file = "ruff-0.0.255-py3-none-manylinux_2_17_armv7l.manylinux2014_armv7l.whl", hash = "sha256:c089f7141496334ab5a127b54ce55e41f0d6714e68a4453a1e09d2204cdea8c3"},
    {file = "ruff-0.0.255-py3-none-manylinux_2_17_i686.manylinux2014_i686.whl", hash = "sha256:0423908caa7d437a416b853214565b9c33bbd1106c4f88147982216dddcbbd96"},
    {file = "ruff-0.0.255-py3-none-manylinux_2_17_ppc64.manylinux2014_ppc64.whl", hash = "sha256:981493e92547cacbb8e0874904ec049fe744507ee890dc8736caf89a8864f9a7"},
    {file = "ruff-0.0.255-py3-none-manylinux_2_17_ppc64le.manylinux2014_ppc64le.whl", hash = "sha256:59d5193d2aedb35db180824462b374dbcfc306b2e76076245088afa6e5837df2"},
    {file = "ruff-0.0.255-py3-none-manylinux_2_17_s390x.manylinux2014_s390x.whl", hash = "sha256:dd5e00733c9d160c8a34a22e62b390da9d1e9f326676402421cb8c1236beefc3"},
    {file = "ruff-0.0.255-py3-none-manylinux_2_17_x86_64.manylinux2014_x86_64.whl", hash = "sha256:694418cf41838bd19c6229e4e1b2d04505b1e6b86fe3ab81165484fc96d36f01"},
    {file = "ruff-0.0.255-py3-none-musllinux_1_2_aarch64.whl", hash = "sha256:5d0408985c9777369daebb5d3340a99e9f7294bdd7120642239261508185cf89"},
    {file = "ruff-0.0.255-py3-none-musllinux_1_2_armv7l.whl", hash = "sha256:abd6376ef9d12f370d95a8c7c98682fbb9bfedfba59f40e84a816fef8ddcb8de"},
    {file = "ruff-0.0.255-py3-none-musllinux_1_2_i686.whl", hash = "sha256:f9b1a5df0bc09193cbef58a6f78e4a9a0b058a4f9733c0442866d078006d1bb9"},
    {file = "ruff-0.0.255-py3-none-musllinux_1_2_x86_64.whl", hash = "sha256:6a25c5f4ff087445b2e1bbcb9963f2ae7c868d65e4a8d5f84c36c12f71571179"},
    {file = "ruff-0.0.255-py3-none-win32.whl", hash = "sha256:1ff87a8310354f9f1a099625e54a27fdd6756d9cd2a40b45922f2e943daf982d"},
    {file = "ruff-0.0.255-py3-none-win_amd64.whl", hash = "sha256:f3d8416be618f023f93ec4fd6ee3048585ef85dba9563b2a7e38fc7e5131d5b1"},
    {file = "ruff-0.0.255-py3-none-win_arm64.whl", hash = "sha256:8ba124819624145d7b6b53add40c367c44318893215ffc1bfe3d72e0225a1c9c"},
    {file = "ruff-0.0.255.tar.gz", hash = "sha256:f9eb1d3b2eecbeedae419fa494c4e2a5e4484baf93a1ce0f81eddb005e1919c5"},
]

[[package]]
name = "setuptools"
version = "67.6.1"
description = "Easily download, build, install, upgrade, and uninstall Python packages"
category = "dev"
optional = false
python-versions = ">=3.7"
files = [
    {file = "setuptools-67.6.1-py3-none-any.whl", hash = "sha256:e728ca814a823bf7bf60162daf9db95b93d532948c4c0bea762ce62f60189078"},
    {file = "setuptools-67.6.1.tar.gz", hash = "sha256:257de92a9d50a60b8e22abfcbb771571fde0dbf3ec234463212027a4eeecbe9a"},
]

[package.extras]
docs = ["furo", "jaraco.packaging (>=9)", "jaraco.tidelift (>=1.4)", "pygments-github-lexers (==0.0.5)", "rst.linker (>=1.9)", "sphinx (>=3.5)", "sphinx-favicon", "sphinx-hoverxref (<2)", "sphinx-inline-tabs", "sphinx-lint", "sphinx-notfound-page (==0.8.3)", "sphinx-reredirects", "sphinxcontrib-towncrier"]
testing = ["build[virtualenv]", "filelock (>=3.4.0)", "flake8 (<5)", "flake8-2020", "ini2toml[lite] (>=0.9)", "jaraco.envs (>=2.2)", "jaraco.path (>=3.2.0)", "pip (>=19.1)", "pip-run (>=8.8)", "pytest (>=6)", "pytest-black (>=0.3.7)", "pytest-checkdocs (>=2.4)", "pytest-cov", "pytest-enabler (>=1.3)", "pytest-flake8", "pytest-mypy (>=0.9.1)", "pytest-perf", "pytest-timeout", "pytest-xdist", "tomli-w (>=1.0.0)", "virtualenv (>=13.0.0)", "wheel"]
testing-integration = ["build[virtualenv]", "filelock (>=3.4.0)", "jaraco.envs (>=2.2)", "jaraco.path (>=3.2.0)", "pytest", "pytest-enabler", "pytest-xdist", "tomli", "virtualenv (>=13.0.0)", "wheel"]

[[package]]
name = "tomli"
version = "2.0.1"
description = "A lil' TOML parser"
category = "dev"
optional = false
python-versions = ">=3.7"
files = [
    {file = "tomli-2.0.1-py3-none-any.whl", hash = "sha256:939de3e7a6161af0c887ef91b7d41a53e7c5a1ca976325f429cb46ea9bc30ecc"},
    {file = "tomli-2.0.1.tar.gz", hash = "sha256:de526c12914f0c550d15924c62d72abc48d6fe7364aa87328337a31007fe8a4f"},
]

[[package]]
name = "typing-extensions"
version = "4.5.0"
description = "Backported and Experimental Type Hints for Python 3.7+"
category = "dev"
optional = false
python-versions = ">=3.7"
files = [
    {file = "typing_extensions-4.5.0-py3-none-any.whl", hash = "sha256:fb33085c39dd998ac16d1431ebc293a8b3eedd00fd4a32de0ff79002c19511b4"},
    {file = "typing_extensions-4.5.0.tar.gz", hash = "sha256:5cb5f4a79139d699607b3ef622a1dedafa84e115ab0024e0d9c044a9479ca7cb"},
]

[[package]]
name = "virtualenv"
version = "20.21.0"
description = "Virtual Python Environment builder"
category = "dev"
optional = false
python-versions = ">=3.7"
files = [
    {file = "virtualenv-20.21.0-py3-none-any.whl", hash = "sha256:31712f8f2a17bd06234fa97fdf19609e789dd4e3e4bf108c3da71d710651adbc"},
    {file = "virtualenv-20.21.0.tar.gz", hash = "sha256:f50e3e60f990a0757c9b68333c9fdaa72d7188caa417f96af9e52407831a3b68"},
]

[package.dependencies]
distlib = ">=0.3.6,<1"
filelock = ">=3.4.1,<4"
platformdirs = ">=2.4,<4"

[package.extras]
docs = ["furo (>=2022.12.7)", "proselint (>=0.13)", "sphinx (>=6.1.3)", "sphinx-argparse (>=0.4)", "sphinxcontrib-towncrier (>=0.2.1a0)", "towncrier (>=22.12)"]
test = ["covdefaults (>=2.2.2)", "coverage (>=7.1)", "coverage-enable-subprocess (>=1)", "flaky (>=3.7)", "packaging (>=23)", "pytest (>=7.2.1)", "pytest-env (>=0.8.1)", "pytest-freezegun (>=0.4.2)", "pytest-mock (>=3.10)", "pytest-randomly (>=3.12)", "pytest-timeout (>=2.1)"]

[metadata]
lock-version = "2.0"
python-versions = ">=3.9,<3.12"
content-hash = "ceccb306527890b5447df6715c7573899b72882abe2a86963f078578f228620a"
